
Microsoft Visual Studio Solution File, Format Version 12.00
Project("{FAE04EC0-301F-11D3-BF4B-00C04F79EFBC}") = "AccManagement.API", "AccManagement.API\AccManagement.API.csproj", "{02C74EF5-973F-421B-9DDF-89403F745375}"
EndProject
Global
	GlobalSection(SolutionConfigurationPlatforms) = preSolution
		Debug|Any CPU = Debug|Any CPU
		Release|Any CPU = Release|Any CPU
	EndGlobalSection
	GlobalSection(ProjectConfigurationPlatforms) = postSolution
		{02C74EF5-973F-421B-9DDF-89403F745375}.Debug|Any CPU.ActiveCfg = Debug|Any CPU
		{02C74EF5-973F-421B-9DDF-89403F745375}.Debug|Any CPU.Build.0 = Debug|Any CPU
		{02C74EF5-973F-421B-9DDF-89403F745375}.Release|Any CPU.ActiveCfg = Release|Any CPU
		{02C74EF5-973F-421B-9DDF-89403F745375}.Release|Any CPU.Build.0 = Release|Any CPU
	EndGlobalSection
EndGlobal
